
Microsoft Visual Studio Solution File, Format Version 12.00
# Visual Studio Version 17
VisualStudioVersion = 17.7.34202.233
MinimumVisualStudioVersion = 10.0.40219.1
Project("{FAE04EC0-301F-11D3-BF4B-00C04F79EFBC}") = "ConsoleApp4", "ConsoleApp4\ConsoleApp4.csproj", "{372A7A99-47A5-4AA2-A54C-1F77ED55A1F4}"
EndProject
Global
	GlobalSection(SolutionConfigurationPlatforms) = preSolution
		Debug|Any CPU = Debug|Any CPU
		Release|Any CPU = Release|Any CPU
	EndGlobalSection
	GlobalSection(ProjectConfigurationPlatforms) = postSolution
		{372A7A99-47A5-4AA2-A54C-1F77ED55A1F4}.Debug|Any CPU.ActiveCfg = Debug|Any CPU
		{372A7A99-47A5-4AA2-A54C-1F77ED55A1F4}.Debug|Any CPU.Build.0 = Debug|Any CPU
		{372A7A99-47A5-4AA2-A54C-1F77ED55A1F4}.Release|Any CPU.ActiveCfg = Release|Any CPU
		{372A7A99-47A5-4AA2-A54C-1F77ED55A1F4}.Release|Any CPU.Build.0 = Release|Any CPU
	EndGlobalSection
	GlobalSection(SolutionProperties) = preSolution
		HideSolutionNode = FALSE
	EndGlobalSection
	GlobalSection(ExtensibilityGlobals) = postSolution
		SolutionGuid = {9B5EFE4F-01F6-4952-A416-F0F6F7073EE2}
	EndGlobalSection
EndGlobal
